
Microsoft Visual Studio Solution File, Format Version 12.00
# Visual Studio 14
VisualStudioVersion = 14.0.25420.1
MinimumVisualStudioVersion = 10.0.40219.1
Project("{FAE04EC0-301F-11D3-BF4B-00C04F79EFBC}") = "Shipwreck.ShellLink", "Shipwreck.ShellLink\Shipwreck.ShellLink.csproj", "{4C3F638D-7855-4821-9960-841C345CE819}"
EndProject
Project("{FAE04EC0-301F-11D3-BF4B-00C04F79EFBC}") = "Shipwreck.ShellLink.Tests", "Shipwreck.ShellLink.Tests\Shipwreck.ShellLink.Tests.csproj", "{C20BB7E9-7C9E-47AB-9487-7DDF0D665B2B}"
EndProject
Global
	GlobalSection(SolutionConfigurationPlatforms) = preSolution
		Debug|Any CPU = Debug|Any CPU
		Release|Any CPU = Release|Any CPU
	EndGlobalSection
	GlobalSection(ProjectConfigurationPlatforms) = postSolution
		{4C3F638D-7855-4821-9960-841C345CE819}.Debug|Any CPU.ActiveCfg = Debug|Any CPU
		{4C3F638D-7855-4821-9960-841C345CE819}.Debug|Any CPU.Build.0 = Debug|Any CPU
		{4C3F638D-7855-4821-9960-841C345CE819}.Release|Any CPU.ActiveCfg = Release|Any CPU
		{4C3F638D-7855-4821-9960-841C345CE819}.Release|Any CPU.Build.0 = Release|Any CPU
		{C20BB7E9-7C9E-47AB-9487-7DDF0D665B2B}.Debug|Any CPU.ActiveCfg = Debug|Any CPU
		{C20BB7E9-7C9E-47AB-9487-7DDF0D665B2B}.Debug|Any CPU.Build.0 = Debug|Any CPU
		{C20BB7E9-7C9E-47AB-9487-7DDF0D665B2B}.Release|Any CPU.ActiveCfg = Release|Any CPU
		{C20BB7E9-7C9E-47AB-9487-7DDF0D665B2B}.Release|Any CPU.Build.0 = Release|Any CPU
	EndGlobalSection
	GlobalSection(SolutionProperties) = preSolution
		HideSolutionNode = FALSE
	EndGlobalSection
EndGlobal
